
Microsoft Visual Studio Solution File, Format Version 12.00
# Visual Studio Version 17
VisualStudioVersion = 17.13.35919.96
MinimumVisualStudioVersion = 10.0.40219.1
Project("{FAE04EC0-301F-11D3-BF4B-00C04F79EFBC}") = "TirelessEmployees", "TirelessEmployees\TirelessEmployees.csproj", "{4D42485F-86D6-472C-BB72-485C658C395E}"
EndProject
Global
	GlobalSection(SolutionConfigurationPlatforms) = preSolution
		Debug_IL2CPP|x64 = Debug_IL2CPP|x64
		Debug_Mono|x64 = Debug_Mono|x64
		Release_IL2CPP|x64 = Release_IL2CPP|x64
		Release_Mono|x64 = Release_Mono|x64
	EndGlobalSection
	GlobalSection(ProjectConfigurationPlatforms) = postSolution
		{4D42485F-86D6-472C-BB72-485C658C395E}.Debug_IL2CPP|x64.ActiveCfg = Debug_IL2CPP|x64
		{4D42485F-86D6-472C-BB72-485C658C395E}.Debug_IL2CPP|x64.Build.0 = Debug_IL2CPP|x64
		{4D42485F-86D6-472C-BB72-485C658C395E}.Debug_Mono|x64.ActiveCfg = Debug_Mono|x64
		{4D42485F-86D6-472C-BB72-485C658C395E}.Debug_Mono|x64.Build.0 = Debug_Mono|x64
		{4D42485F-86D6-472C-BB72-485C658C395E}.Release_IL2CPP|x64.ActiveCfg = Release_IL2CPP|x64
		{4D42485F-86D6-472C-BB72-485C658C395E}.Release_IL2CPP|x64.Build.0 = Release_IL2CPP|x64
		{4D42485F-86D6-472C-BB72-485C658C395E}.Release_Mono|x64.ActiveCfg = Release_Mono|x64
		{4D42485F-86D6-472C-BB72-485C658C395E}.Release_Mono|x64.Build.0 = Release_Mono|x64
	EndGlobalSection
	GlobalSection(SolutionProperties) = preSolution
		HideSolutionNode = FALSE
	EndGlobalSection
	GlobalSection(ExtensibilityGlobals) = postSolution
		SolutionGuid = {BF008401-FDFD-4C18-89B1-4BDA90B5275D}
	EndGlobalSection
EndGlobal
